
Microsoft Visual Studio Solution File, Format Version 12.00
# Visual Studio Version 17
VisualStudioVersion = 17.4.33122.133
MinimumVisualStudioVersion = 10.0.40219.1
Project("{FAE04EC0-301F-11D3-BF4B-00C04F79EFBC}") = "MVCDog", "MVCDog\MVCDog.csproj", "{928D3C3E-E73F-4F26-B37D-24DDF0FBA283}"
EndProject
Global
	GlobalSection(SolutionConfigurationPlatforms) = preSolution
		Debug|Any CPU = Debug|Any CPU
		Release|Any CPU = Release|Any CPU
	EndGlobalSection
	GlobalSection(ProjectConfigurationPlatforms) = postSolution
		{928D3C3E-E73F-4F26-B37D-24DDF0FBA283}.Debug|Any CPU.ActiveCfg = Debug|Any CPU
		{928D3C3E-E73F-4F26-B37D-24DDF0FBA283}.Debug|Any CPU.Build.0 = Debug|Any CPU
		{928D3C3E-E73F-4F26-B37D-24DDF0FBA283}.Release|Any CPU.ActiveCfg = Release|Any CPU
		{928D3C3E-E73F-4F26-B37D-24DDF0FBA283}.Release|Any CPU.Build.0 = Release|Any CPU
	EndGlobalSection
	GlobalSection(SolutionProperties) = preSolution
		HideSolutionNode = FALSE
	EndGlobalSection
	GlobalSection(ExtensibilityGlobals) = postSolution
		SolutionGuid = {36813C20-8CFE-42C7-9045-608033A5BC22}
	EndGlobalSection
EndGlobal
